
Microsoft Visual Studio Solution File, Format Version 12.00
# Visual Studio 15
VisualStudioVersion = 15.0.28010.2041
MinimumVisualStudioVersion = 10.0.40219.1
Project("{FAE04EC0-301F-11D3-BF4B-00C04F79EFBC}") = "RaspberryRobotTester", "RaspberryRobotTester\RaspberryRobotTester.csproj", "{303F6C04-65F3-4A82-8370-F83717526FF0}"
EndProject
Project("{FAE04EC0-301F-11D3-BF4B-00C04F79EFBC}") = "RaspberryRobotGpio", "RaspberryRobotGpio\RaspberryRobotGpio.csproj", "{634095DF-601E-4E2D-B6A1-96BE4BBA6B9B}"
EndProject
Global
	GlobalSection(SolutionConfigurationPlatforms) = preSolution
		Debug|Any CPU = Debug|Any CPU
		Release|Any CPU = Release|Any CPU
	EndGlobalSection
	GlobalSection(ProjectConfigurationPlatforms) = postSolution
		{303F6C04-65F3-4A82-8370-F83717526FF0}.Debug|Any CPU.ActiveCfg = Debug|Any CPU
		{303F6C04-65F3-4A82-8370-F83717526FF0}.Debug|Any CPU.Build.0 = Debug|Any CPU
		{303F6C04-65F3-4A82-8370-F83717526FF0}.Release|Any CPU.ActiveCfg = Release|Any CPU
		{303F6C04-65F3-4A82-8370-F83717526FF0}.Release|Any CPU.Build.0 = Release|Any CPU
		{634095DF-601E-4E2D-B6A1-96BE4BBA6B9B}.Debug|Any CPU.ActiveCfg = Debug|Any CPU
		{634095DF-601E-4E2D-B6A1-96BE4BBA6B9B}.Debug|Any CPU.Build.0 = Debug|Any CPU
		{634095DF-601E-4E2D-B6A1-96BE4BBA6B9B}.Release|Any CPU.ActiveCfg = Release|Any CPU
		{634095DF-601E-4E2D-B6A1-96BE4BBA6B9B}.Release|Any CPU.Build.0 = Release|Any CPU
	EndGlobalSection
	GlobalSection(SolutionProperties) = preSolution
		HideSolutionNode = FALSE
	EndGlobalSection
	GlobalSection(ExtensibilityGlobals) = postSolution
		SolutionGuid = {0B6BD01C-EB88-4C0A-8CE2-25441C15FB16}
	EndGlobalSection
EndGlobal
