
Microsoft Visual Studio Solution File, Format Version 12.00
# Visual Studio Version 17
VisualStudioVersion = 17.10.34928.147
MinimumVisualStudioVersion = 10.0.40219.1
Project("{9A19103F-16F7-4668-BE54-9A1E7A4F7556}") = "RaspberryRobotTester", "RaspberryRobotTester\RaspberryRobotTester.csproj", "{303F6C04-65F3-4A82-8370-F83717526FF0}"
EndProject
Project("{9A19103F-16F7-4668-BE54-9A1E7A4F7556}") = "RaspberryRobot.Api", "RaspberryRobot.Api\RaspberryRobot.Api.csproj", "{69CFD1D3-4F70-4E90-86DC-254D3EDEC215}"
EndProject
Project("{2150E333-8FDC-42A3-9474-1A3956D46DE8}") = "01 Presentation", "01 Presentation", "{6C34A2C1-CCBF-4A6B-BE8D-73396F9C0D76}"
EndProject
Project("{2150E333-8FDC-42A3-9474-1A3956D46DE8}") = "02 Core", "02 Core", "{D512FE71-6F9C-42F2-BD14-3E967FD88395}"
EndProject
Project("{9A19103F-16F7-4668-BE54-9A1E7A4F7556}") = "RaspberryRobot.Core", "RaspberryRobot.Core\RaspberryRobot.Core.csproj", "{FC6A9F3B-BCAA-4A13-8321-B88991620951}"
EndProject
Project("{FAE04EC0-301F-11D3-BF4B-00C04F79EFBC}") = "RaspberryRobot.SignalListener", "RaspberryRobot.SignalListener\RaspberryRobot.SignalListener.csproj", "{E9F37966-E584-4E35-BA39-2AE39C516663}"
EndProject
Global
	GlobalSection(SolutionConfigurationPlatforms) = preSolution
		Debug|Any CPU = Debug|Any CPU
		Release|Any CPU = Release|Any CPU
	EndGlobalSection
	GlobalSection(ProjectConfigurationPlatforms) = postSolution
		{303F6C04-65F3-4A82-8370-F83717526FF0}.Debug|Any CPU.ActiveCfg = Debug|Any CPU
		{303F6C04-65F3-4A82-8370-F83717526FF0}.Debug|Any CPU.Build.0 = Debug|Any CPU
		{303F6C04-65F3-4A82-8370-F83717526FF0}.Release|Any CPU.ActiveCfg = Release|Any CPU
		{303F6C04-65F3-4A82-8370-F83717526FF0}.Release|Any CPU.Build.0 = Release|Any CPU
		{69CFD1D3-4F70-4E90-86DC-254D3EDEC215}.Debug|Any CPU.ActiveCfg = Debug|Any CPU
		{69CFD1D3-4F70-4E90-86DC-254D3EDEC215}.Debug|Any CPU.Build.0 = Debug|Any CPU
		{69CFD1D3-4F70-4E90-86DC-254D3EDEC215}.Release|Any CPU.ActiveCfg = Release|Any CPU
		{69CFD1D3-4F70-4E90-86DC-254D3EDEC215}.Release|Any CPU.Build.0 = Release|Any CPU
		{FC6A9F3B-BCAA-4A13-8321-B88991620951}.Debug|Any CPU.ActiveCfg = Debug|Any CPU
		{FC6A9F3B-BCAA-4A13-8321-B88991620951}.Debug|Any CPU.Build.0 = Debug|Any CPU
		{FC6A9F3B-BCAA-4A13-8321-B88991620951}.Release|Any CPU.ActiveCfg = Release|Any CPU
		{FC6A9F3B-BCAA-4A13-8321-B88991620951}.Release|Any CPU.Build.0 = Release|Any CPU
		{E9F37966-E584-4E35-BA39-2AE39C516663}.Debug|Any CPU.ActiveCfg = Debug|Any CPU
		{E9F37966-E584-4E35-BA39-2AE39C516663}.Debug|Any CPU.Build.0 = Debug|Any CPU
		{E9F37966-E584-4E35-BA39-2AE39C516663}.Release|Any CPU.ActiveCfg = Release|Any CPU
		{E9F37966-E584-4E35-BA39-2AE39C516663}.Release|Any CPU.Build.0 = Release|Any CPU
	EndGlobalSection
	GlobalSection(SolutionProperties) = preSolution
		HideSolutionNode = FALSE
	EndGlobalSection
	GlobalSection(NestedProjects) = preSolution
		{303F6C04-65F3-4A82-8370-F83717526FF0} = {6C34A2C1-CCBF-4A6B-BE8D-73396F9C0D76}
		{69CFD1D3-4F70-4E90-86DC-254D3EDEC215} = {6C34A2C1-CCBF-4A6B-BE8D-73396F9C0D76}
		{FC6A9F3B-BCAA-4A13-8321-B88991620951} = {D512FE71-6F9C-42F2-BD14-3E967FD88395}
		{E9F37966-E584-4E35-BA39-2AE39C516663} = {6C34A2C1-CCBF-4A6B-BE8D-73396F9C0D76}
	EndGlobalSection
	GlobalSection(ExtensibilityGlobals) = postSolution
		SolutionGuid = {0B6BD01C-EB88-4C0A-8CE2-25441C15FB16}
	EndGlobalSection
EndGlobal
