
Microsoft Visual Studio Solution File, Format Version 12.00
# Visual Studio Version 17
VisualStudioVersion = 17.10.34928.147
MinimumVisualStudioVersion = 10.0.40219.1
Project("{9A19103F-16F7-4668-BE54-9A1E7A4F7556}") = "RaspberryRobotTester", "RaspberryRobotTester\RaspberryRobotTester.csproj", "{303F6C04-65F3-4A82-8370-F83717526FF0}"
EndProject
Project("{9A19103F-16F7-4668-BE54-9A1E7A4F7556}") = "RaspberryRobotGpio", "RaspberryRobotGpio\RaspberryRobotGpio.csproj", "{634095DF-601E-4E2D-B6A1-96BE4BBA6B9B}"
EndProject
Project("{9A19103F-16F7-4668-BE54-9A1E7A4F7556}") = "RaspberryRobot", "RaspberryRobot\RaspberryRobot.csproj", "{F750E266-343F-4C29-9AFE-AFA7372E0506}"
EndProject
Project("{9A19103F-16F7-4668-BE54-9A1E7A4F7556}") = "RaspberryRobotWeb", "RaspberryRobotWeb\RaspberryRobotWeb.csproj", "{C906CC3C-A031-4C74-B288-793043260CEC}"
EndProject
Project("{9A19103F-16F7-4668-BE54-9A1E7A4F7556}") = "Logger", "Logger\Logger.csproj", "{A7620927-8B5A-4E9A-945C-5C88E114781A}"
EndProject
Project("{9A19103F-16F7-4668-BE54-9A1E7A4F7556}") = "WebCameraTest", "WebCameraTest\WebCameraTest.csproj", "{5DF0C262-0489-4DD7-80D0-32C84B56C840}"
EndProject
Project("{9A19103F-16F7-4668-BE54-9A1E7A4F7556}") = "RaspberryCamera", "RaspberryCamera\RaspberryCamera.csproj", "{9857F77B-F957-4DCF-BBBE-EB2B20E4DF2E}"
EndProject
Project("{9A19103F-16F7-4668-BE54-9A1E7A4F7556}") = "RaspberryRobot.Api", "RaspberryRobot.Api\RaspberryRobot.Api.csproj", "{69CFD1D3-4F70-4E90-86DC-254D3EDEC215}"
EndProject
Project("{2150E333-8FDC-42A3-9474-1A3956D46DE8}") = "01 Presentation", "01 Presentation", "{6C34A2C1-CCBF-4A6B-BE8D-73396F9C0D76}"
EndProject
Project("{2150E333-8FDC-42A3-9474-1A3956D46DE8}") = "02 Core", "02 Core", "{D512FE71-6F9C-42F2-BD14-3E967FD88395}"
EndProject
Project("{9A19103F-16F7-4668-BE54-9A1E7A4F7556}") = "RaspberryRobot.Core", "RaspberryRobot.Core\RaspberryRobot.Core.csproj", "{FC6A9F3B-BCAA-4A13-8321-B88991620951}"
EndProject
Project("{2150E333-8FDC-42A3-9474-1A3956D46DE8}") = "03 Old", "03 Old", "{E05220F6-3A05-4AF1-8B33-2DD59856F1C4}"
EndProject
Global
	GlobalSection(SolutionConfigurationPlatforms) = preSolution
		Debug|Any CPU = Debug|Any CPU
		Release|Any CPU = Release|Any CPU
	EndGlobalSection
	GlobalSection(ProjectConfigurationPlatforms) = postSolution
		{303F6C04-65F3-4A82-8370-F83717526FF0}.Debug|Any CPU.ActiveCfg = Debug|Any CPU
		{303F6C04-65F3-4A82-8370-F83717526FF0}.Debug|Any CPU.Build.0 = Debug|Any CPU
		{303F6C04-65F3-4A82-8370-F83717526FF0}.Release|Any CPU.ActiveCfg = Release|Any CPU
		{303F6C04-65F3-4A82-8370-F83717526FF0}.Release|Any CPU.Build.0 = Release|Any CPU
		{634095DF-601E-4E2D-B6A1-96BE4BBA6B9B}.Debug|Any CPU.ActiveCfg = Debug|Any CPU
		{634095DF-601E-4E2D-B6A1-96BE4BBA6B9B}.Debug|Any CPU.Build.0 = Debug|Any CPU
		{634095DF-601E-4E2D-B6A1-96BE4BBA6B9B}.Release|Any CPU.ActiveCfg = Release|Any CPU
		{634095DF-601E-4E2D-B6A1-96BE4BBA6B9B}.Release|Any CPU.Build.0 = Release|Any CPU
		{F750E266-343F-4C29-9AFE-AFA7372E0506}.Debug|Any CPU.ActiveCfg = Debug|Any CPU
		{F750E266-343F-4C29-9AFE-AFA7372E0506}.Debug|Any CPU.Build.0 = Debug|Any CPU
		{F750E266-343F-4C29-9AFE-AFA7372E0506}.Release|Any CPU.ActiveCfg = Release|Any CPU
		{F750E266-343F-4C29-9AFE-AFA7372E0506}.Release|Any CPU.Build.0 = Release|Any CPU
		{C906CC3C-A031-4C74-B288-793043260CEC}.Debug|Any CPU.ActiveCfg = Debug|Any CPU
		{C906CC3C-A031-4C74-B288-793043260CEC}.Debug|Any CPU.Build.0 = Debug|Any CPU
		{C906CC3C-A031-4C74-B288-793043260CEC}.Release|Any CPU.ActiveCfg = Release|Any CPU
		{C906CC3C-A031-4C74-B288-793043260CEC}.Release|Any CPU.Build.0 = Release|Any CPU
		{A7620927-8B5A-4E9A-945C-5C88E114781A}.Debug|Any CPU.ActiveCfg = Debug|Any CPU
		{A7620927-8B5A-4E9A-945C-5C88E114781A}.Debug|Any CPU.Build.0 = Debug|Any CPU
		{A7620927-8B5A-4E9A-945C-5C88E114781A}.Release|Any CPU.ActiveCfg = Release|Any CPU
		{A7620927-8B5A-4E9A-945C-5C88E114781A}.Release|Any CPU.Build.0 = Release|Any CPU
		{5DF0C262-0489-4DD7-80D0-32C84B56C840}.Debug|Any CPU.ActiveCfg = Debug|Any CPU
		{5DF0C262-0489-4DD7-80D0-32C84B56C840}.Debug|Any CPU.Build.0 = Debug|Any CPU
		{5DF0C262-0489-4DD7-80D0-32C84B56C840}.Release|Any CPU.ActiveCfg = Release|Any CPU
		{5DF0C262-0489-4DD7-80D0-32C84B56C840}.Release|Any CPU.Build.0 = Release|Any CPU
		{9857F77B-F957-4DCF-BBBE-EB2B20E4DF2E}.Debug|Any CPU.ActiveCfg = Debug|Any CPU
		{9857F77B-F957-4DCF-BBBE-EB2B20E4DF2E}.Debug|Any CPU.Build.0 = Debug|Any CPU
		{9857F77B-F957-4DCF-BBBE-EB2B20E4DF2E}.Release|Any CPU.ActiveCfg = Release|Any CPU
		{9857F77B-F957-4DCF-BBBE-EB2B20E4DF2E}.Release|Any CPU.Build.0 = Release|Any CPU
		{69CFD1D3-4F70-4E90-86DC-254D3EDEC215}.Debug|Any CPU.ActiveCfg = Debug|Any CPU
		{69CFD1D3-4F70-4E90-86DC-254D3EDEC215}.Debug|Any CPU.Build.0 = Debug|Any CPU
		{69CFD1D3-4F70-4E90-86DC-254D3EDEC215}.Release|Any CPU.ActiveCfg = Release|Any CPU
		{69CFD1D3-4F70-4E90-86DC-254D3EDEC215}.Release|Any CPU.Build.0 = Release|Any CPU
		{FC6A9F3B-BCAA-4A13-8321-B88991620951}.Debug|Any CPU.ActiveCfg = Debug|Any CPU
		{FC6A9F3B-BCAA-4A13-8321-B88991620951}.Debug|Any CPU.Build.0 = Debug|Any CPU
		{FC6A9F3B-BCAA-4A13-8321-B88991620951}.Release|Any CPU.ActiveCfg = Release|Any CPU
		{FC6A9F3B-BCAA-4A13-8321-B88991620951}.Release|Any CPU.Build.0 = Release|Any CPU
	EndGlobalSection
	GlobalSection(SolutionProperties) = preSolution
		HideSolutionNode = FALSE
	EndGlobalSection
	GlobalSection(NestedProjects) = preSolution
		{303F6C04-65F3-4A82-8370-F83717526FF0} = {6C34A2C1-CCBF-4A6B-BE8D-73396F9C0D76}
		{634095DF-601E-4E2D-B6A1-96BE4BBA6B9B} = {E05220F6-3A05-4AF1-8B33-2DD59856F1C4}
		{F750E266-343F-4C29-9AFE-AFA7372E0506} = {E05220F6-3A05-4AF1-8B33-2DD59856F1C4}
		{C906CC3C-A031-4C74-B288-793043260CEC} = {E05220F6-3A05-4AF1-8B33-2DD59856F1C4}
		{A7620927-8B5A-4E9A-945C-5C88E114781A} = {E05220F6-3A05-4AF1-8B33-2DD59856F1C4}
		{5DF0C262-0489-4DD7-80D0-32C84B56C840} = {E05220F6-3A05-4AF1-8B33-2DD59856F1C4}
		{9857F77B-F957-4DCF-BBBE-EB2B20E4DF2E} = {E05220F6-3A05-4AF1-8B33-2DD59856F1C4}
		{69CFD1D3-4F70-4E90-86DC-254D3EDEC215} = {6C34A2C1-CCBF-4A6B-BE8D-73396F9C0D76}
		{FC6A9F3B-BCAA-4A13-8321-B88991620951} = {D512FE71-6F9C-42F2-BD14-3E967FD88395}
	EndGlobalSection
	GlobalSection(ExtensibilityGlobals) = postSolution
		SolutionGuid = {0B6BD01C-EB88-4C0A-8CE2-25441C15FB16}
	EndGlobalSection
EndGlobal
